# This file is automatically @generated by Cargo.
# It is not intended for manual editing.
version = 3

[[package]]
name = "blotter"
version = "0.1.0"
source = "git+https://github.com/agausmann/blotter.rs.git#0e8edad446e2cf109e5e55bfab12634a4c9d5a49"

[[package]]
name = "logicworld-badapple"
version = "0.1.0"
dependencies = [
 "blotter",
]
